// !$*UTF8*$!
{
	archiveVersion = 1;
	classes = {
	};
	objectVersion = 50;
	objects = {

/* Begin PBXBuildFile section */
		F24A4EBF26837FA9003EAD29 /* LotteryProgressView.swift in Sources */ = {isa = PBXBuildFile; fileRef = F24A4EBE26837FA9003EAD29 /* LotteryProgressView.swift */; };
		F24A4EC026837FA9003EAD29 /* LotteryProgressView.swift in Sources */ = {isa = PBXBuildFile; fileRef = F24A4EBE26837FA9003EAD29 /* LotteryProgressView.swift */; };
		F24A4EC42683813E003EAD29 /* LotteryLandingView.swift in Sources */ = {isa = PBXBuildFile; fileRef = F24A4EC32683813E003EAD29 /* LotteryLandingView.swift */; };
		F24A4EC52683813E003EAD29 /* LotteryLandingView.swift in Sources */ = {isa = PBXBuildFile; fileRef = F24A4EC32683813E003EAD29 /* LotteryLandingView.swift */; };
		F24A4EC726838C90003EAD29 /* LotteryResultView.swift in Sources */ = {isa = PBXBuildFile; fileRef = F24A4EC626838C90003EAD29 /* LotteryResultView.swift */; };
		F24A4EC826838C90003EAD29 /* LotteryResultView.swift in Sources */ = {isa = PBXBuildFile; fileRef = F24A4EC626838C90003EAD29 /* LotteryResultView.swift */; };
		F24A4ECA26838E9A003EAD29 /* LotteryLoadingView.swift in Sources */ = {isa = PBXBuildFile; fileRef = F24A4EC926838E9A003EAD29 /* LotteryLoadingView.swift */; };
		F24A4ECB26838E9A003EAD29 /* LotteryLoadingView.swift in Sources */ = {isa = PBXBuildFile; fileRef = F24A4EC926838E9A003EAD29 /* LotteryLoadingView.swift */; };
		F24A4ECF2683AD79003EAD29 /* LotteryPresenter.swift in Sources */ = {isa = PBXBuildFile; fileRef = F24A4ECE2683AD79003EAD29 /* LotteryPresenter.swift */; };
		F24A4ED02683AD79003EAD29 /* LotteryPresenter.swift in Sources */ = {isa = PBXBuildFile; fileRef = F24A4ECE2683AD79003EAD29 /* LotteryPresenter.swift */; };
		F275F5AE26AF8CC7004A1DED /* LotteryUseCase.swift in Sources */ = {isa = PBXBuildFile; fileRef = F275F5AD26AF8CC7004A1DED /* LotteryUseCase.swift */; };
		F275F5B326B0C265004A1DED /* AppConfig.swift in Sources */ = {isa = PBXBuildFile; fileRef = F275F5B226B0C265004A1DED /* AppConfig.swift */; };
		F275F5B626B0C2EC004A1DED /* UserRepository.swift in Sources */ = {isa = PBXBuildFile; fileRef = F275F5B526B0C2EC004A1DED /* UserRepository.swift */; };
		F2D3894E25E5785A00B40A8A /* SimpleLotteryApp.swift in Sources */ = {isa = PBXBuildFile; fileRef = F2D3892525E5785800B40A8A /* SimpleLotteryApp.swift */; };
		F2D3894F25E5785A00B40A8A /* SimpleLotteryApp.swift in Sources */ = {isa = PBXBuildFile; fileRef = F2D3892525E5785800B40A8A /* SimpleLotteryApp.swift */; };
		F2D3895025E5785A00B40A8A /* ContentView.swift in Sources */ = {isa = PBXBuildFile; fileRef = F2D3892625E5785800B40A8A /* ContentView.swift */; };
		F2D3895125E5785A00B40A8A /* ContentView.swift in Sources */ = {isa = PBXBuildFile; fileRef = F2D3892625E5785800B40A8A /* ContentView.swift */; };
		F2D3895225E5785A00B40A8A /* Assets.xcassets in Resources */ = {isa = PBXBuildFile; fileRef = F2D3892725E5785A00B40A8A /* Assets.xcassets */; };
		F2D3895325E5785A00B40A8A /* Assets.xcassets in Resources */ = {isa = PBXBuildFile; fileRef = F2D3892725E5785A00B40A8A /* Assets.xcassets */; };
		F2D3896725E5791500B40A8A /* LotteryPlayer.swift in Sources */ = {isa = PBXBuildFile; fileRef = F2D3896625E5791500B40A8A /* LotteryPlayer.swift */; };
		F2D3896825E5791500B40A8A /* LotteryPlayer.swift in Sources */ = {isa = PBXBuildFile; fileRef = F2D3896625E5791500B40A8A /* LotteryPlayer.swift */; };
		F2D6CEFF26909E950025CDAC /* ReadRandomPlayerUseCase.swift in Sources */ = {isa = PBXBuildFile; fileRef = F2D6CEFE26909E950025CDAC /* ReadRandomPlayerUseCase.swift */; };
		F2DE527426B0CAA700523D92 /* UserRepositoryE2ETests.swift in Sources */ = {isa = PBXBuildFile; fileRef = F2DE526426B0C6DB00523D92 /* UserRepositoryE2ETests.swift */; };
		F2E31CB226B20AC200E60330 /* UserRepositoryTests.swift in Sources */ = {isa = PBXBuildFile; fileRef = F2E31CB126B20AC200E60330 /* UserRepositoryTests.swift */; };
		F2E31CB626B20C7000E60330 /* users.json in Resources */ = {isa = PBXBuildFile; fileRef = F2E31CB426B20C7000E60330 /* users.json */; };
		F2E31CB726B20C7000E60330 /* usersInLottery.json in Resources */ = {isa = PBXBuildFile; fileRef = F2E31CB526B20C7000E60330 /* usersInLottery.json */; };
		F2E31CBE26B2369E00E60330 /* LotteryListRepository.swift in Sources */ = {isa = PBXBuildFile; fileRef = F2E31CBC26B2361300E60330 /* LotteryListRepository.swift */; };
		F2E31CC026B2388300E60330 /* LotteryListRepositoryE2ETests.swift in Sources */ = {isa = PBXBuildFile; fileRef = F2E31CBF26B2388300E60330 /* LotteryListRepositoryE2ETests.swift */; };
/* End PBXBuildFile section */

/* Begin PBXContainerItemProxy section */
		F2DE526F26B0CA7700523D92 /* PBXContainerItemProxy */ = {
			isa = PBXContainerItemProxy;
			containerPortal = F2D3892025E5785800B40A8A /* Project object */;
			proxyType = 1;
			remoteGlobalIDString = F2D3892B25E5785A00B40A8A;
			remoteInfo = "SimpleLottery (iOS)";
		};
/* End PBXContainerItemProxy section */

/* Begin PBXFileReference section */
		F24A4EBE26837FA9003EAD29 /* LotteryProgressView.swift */ = {isa = PBXFileReference; lastKnownFileType = sourcecode.swift; path = LotteryProgressView.swift; sourceTree = "<group>"; };
		F24A4EC32683813E003EAD29 /* LotteryLandingView.swift */ = {isa = PBXFileReference; lastKnownFileType = sourcecode.swift; path = LotteryLandingView.swift; sourceTree = "<group>"; };
		F24A4EC626838C90003EAD29 /* LotteryResultView.swift */ = {isa = PBXFileReference; lastKnownFileType = sourcecode.swift; path = LotteryResultView.swift; sourceTree = "<group>"; };
		F24A4EC926838E9A003EAD29 /* LotteryLoadingView.swift */ = {isa = PBXFileReference; lastKnownFileType = sourcecode.swift; path = LotteryLoadingView.swift; sourceTree = "<group>"; };
		F24A4ECE2683AD79003EAD29 /* LotteryPresenter.swift */ = {isa = PBXFileReference; lastKnownFileType = sourcecode.swift; path = LotteryPresenter.swift; sourceTree = "<group>"; };
		F275F5AD26AF8CC7004A1DED /* LotteryUseCase.swift */ = {isa = PBXFileReference; lastKnownFileType = sourcecode.swift; path = LotteryUseCase.swift; sourceTree = "<group>"; };
		F275F5B226B0C265004A1DED /* AppConfig.swift */ = {isa = PBXFileReference; lastKnownFileType = sourcecode.swift; path = AppConfig.swift; sourceTree = "<group>"; };
		F275F5B526B0C2EC004A1DED /* UserRepository.swift */ = {isa = PBXFileReference; lastKnownFileType = sourcecode.swift; path = UserRepository.swift; sourceTree = "<group>"; };
		F2D3892525E5785800B40A8A /* SimpleLotteryApp.swift */ = {isa = PBXFileReference; lastKnownFileType = sourcecode.swift; path = SimpleLotteryApp.swift; sourceTree = "<group>"; };
		F2D3892625E5785800B40A8A /* ContentView.swift */ = {isa = PBXFileReference; lastKnownFileType = sourcecode.swift; path = ContentView.swift; sourceTree = "<group>"; };
		F2D3892725E5785A00B40A8A /* Assets.xcassets */ = {isa = PBXFileReference; lastKnownFileType = folder.assetcatalog; path = Assets.xcassets; sourceTree = "<group>"; };
		F2D3892C25E5785A00B40A8A /* SimpleLottery.app */ = {isa = PBXFileReference; explicitFileType = wrapper.application; includeInIndex = 0; path = SimpleLottery.app; sourceTree = BUILT_PRODUCTS_DIR; };
		F2D3892F25E5785A00B40A8A /* Info.plist */ = {isa = PBXFileReference; lastKnownFileType = text.plist.xml; path = Info.plist; sourceTree = "<group>"; };
		F2D3893425E5785A00B40A8A /* SimpleLottery.app */ = {isa = PBXFileReference; explicitFileType = wrapper.application; includeInIndex = 0; path = SimpleLottery.app; sourceTree = BUILT_PRODUCTS_DIR; };
		F2D3893625E5785A00B40A8A /* Info.plist */ = {isa = PBXFileReference; lastKnownFileType = text.plist.xml; path = Info.plist; sourceTree = "<group>"; };
		F2D3893725E5785A00B40A8A /* macOS.entitlements */ = {isa = PBXFileReference; lastKnownFileType = text.plist.entitlements; path = macOS.entitlements; sourceTree = "<group>"; };
		F2D3896625E5791500B40A8A /* LotteryPlayer.swift */ = {isa = PBXFileReference; lastKnownFileType = sourcecode.swift; path = LotteryPlayer.swift; sourceTree = "<group>"; };
		F2D6CEFE26909E950025CDAC /* ReadRandomPlayerUseCase.swift */ = {isa = PBXFileReference; lastKnownFileType = sourcecode.swift; path = ReadRandomPlayerUseCase.swift; sourceTree = "<group>"; };
		F2DE526426B0C6DB00523D92 /* UserRepositoryE2ETests.swift */ = {isa = PBXFileReference; lastKnownFileType = sourcecode.swift; path = UserRepositoryE2ETests.swift; sourceTree = "<group>"; };
		F2DE526A26B0CA7700523D92 /* SimpleLotteryTests.xctest */ = {isa = PBXFileReference; explicitFileType = wrapper.cfbundle; includeInIndex = 0; path = SimpleLotteryTests.xctest; sourceTree = BUILT_PRODUCTS_DIR; };
		F2DE526E26B0CA7700523D92 /* Info.plist */ = {isa = PBXFileReference; lastKnownFileType = text.plist.xml; path = Info.plist; sourceTree = "<group>"; };
		F2E31CB126B20AC200E60330 /* UserRepositoryTests.swift */ = {isa = PBXFileReference; lastKnownFileType = sourcecode.swift; path = UserRepositoryTests.swift; sourceTree = "<group>"; };
		F2E31CB426B20C7000E60330 /* users.json */ = {isa = PBXFileReference; fileEncoding = 4; lastKnownFileType = text.json; path = users.json; sourceTree = "<group>"; };
		F2E31CB526B20C7000E60330 /* usersInLottery.json */ = {isa = PBXFileReference; fileEncoding = 4; lastKnownFileType = text.json; path = usersInLottery.json; sourceTree = "<group>"; };
		F2E31CBC26B2361300E60330 /* LotteryListRepository.swift */ = {isa = PBXFileReference; lastKnownFileType = sourcecode.swift; path = LotteryListRepository.swift; sourceTree = "<group>"; };
		F2E31CBF26B2388300E60330 /* LotteryListRepositoryE2ETests.swift */ = {isa = PBXFileReference; fileEncoding = 4; lastKnownFileType = sourcecode.swift; path = LotteryListRepositoryE2ETests.swift; sourceTree = "<group>"; };
/* End PBXFileReference section */

/* Begin PBXFrameworksBuildPhase section */
		F2D3892925E5785A00B40A8A /* Frameworks */ = {
			isa = PBXFrameworksBuildPhase;
			buildActionMask = 2147483647;
			files = (
			);
			runOnlyForDeploymentPostprocessing = 0;
		};
		F2D3893125E5785A00B40A8A /* Frameworks */ = {
			isa = PBXFrameworksBuildPhase;
			buildActionMask = 2147483647;
			files = (
			);
			runOnlyForDeploymentPostprocessing = 0;
		};
		F2DE526726B0CA7700523D92 /* Frameworks */ = {
			isa = PBXFrameworksBuildPhase;
			buildActionMask = 2147483647;
			files = (
			);
			runOnlyForDeploymentPostprocessing = 0;
		};
/* End PBXFrameworksBuildPhase section */

/* Begin PBXGroup section */
		F24A4EC126837FE0003EAD29 /* Resources */ = {
			isa = PBXGroup;
			children = (
				F2D3892725E5785A00B40A8A /* Assets.xcassets */,
			);
			path = Resources;
			sourceTree = "<group>";
		};
		F24A4EC226837FF0003EAD29 /* View */ = {
			isa = PBXGroup;
			children = (
				F2D3892625E5785800B40A8A /* ContentView.swift */,
				F24A4EC32683813E003EAD29 /* LotteryLandingView.swift */,
				F24A4EC926838E9A003EAD29 /* LotteryLoadingView.swift */,
				F24A4EBE26837FA9003EAD29 /* LotteryProgressView.swift */,
				F24A4EC626838C90003EAD29 /* LotteryResultView.swift */,
			);
			path = View;
			sourceTree = "<group>";
		};
		F24A4ECC2683A384003EAD29 /* Repository */ = {
			isa = PBXGroup;
			children = (
				F2D3896625E5791500B40A8A /* LotteryPlayer.swift */,
				F275F5B526B0C2EC004A1DED /* UserRepository.swift */,
				F2E31CBC26B2361300E60330 /* LotteryListRepository.swift */,
			);
			path = Repository;
			sourceTree = "<group>";
		};
		F24A4ECD2683AA98003EAD29 /* Presenter */ = {
			isa = PBXGroup;
			children = (
				F24A4ECE2683AD79003EAD29 /* LotteryPresenter.swift */,
			);
			path = Presenter;
			sourceTree = "<group>";
		};
		F2D3891F25E5785800B40A8A = {
			isa = PBXGroup;
			children = (
				F2D3892425E5785800B40A8A /* Shared */,
				F2D3892E25E5785A00B40A8A /* iOS */,
				F2D3893525E5785A00B40A8A /* macOS */,
				F2DE526B26B0CA7700523D92 /* SimpleLotteryTests */,
				F2D3892D25E5785A00B40A8A /* Products */,
			);
			sourceTree = "<group>";
		};
		F2D3892425E5785800B40A8A /* Shared */ = {
			isa = PBXGroup;
			children = (
				F2D3892525E5785800B40A8A /* SimpleLotteryApp.swift */,
				F275F5B226B0C265004A1DED /* AppConfig.swift */,
				F24A4EC226837FF0003EAD29 /* View */,
				F24A4ECD2683AA98003EAD29 /* Presenter */,
				F2D6CEFD26909E300025CDAC /* Use Case */,
				F24A4ECC2683A384003EAD29 /* Repository */,
				F24A4EC126837FE0003EAD29 /* Resources */,
			);
			path = Shared;
			sourceTree = "<group>";
		};
		F2D3892D25E5785A00B40A8A /* Products */ = {
			isa = PBXGroup;
			children = (
				F2D3892C25E5785A00B40A8A /* SimpleLottery.app */,
				F2D3893425E5785A00B40A8A /* SimpleLottery.app */,
				F2DE526A26B0CA7700523D92 /* SimpleLotteryTests.xctest */,
			);
			name = Products;
			sourceTree = "<group>";
		};
		F2D3892E25E5785A00B40A8A /* iOS */ = {
			isa = PBXGroup;
			children = (
				F2D3892F25E5785A00B40A8A /* Info.plist */,
			);
			path = iOS;
			sourceTree = "<group>";
		};
		F2D3893525E5785A00B40A8A /* macOS */ = {
			isa = PBXGroup;
			children = (
				F2D3893625E5785A00B40A8A /* Info.plist */,
				F2D3893725E5785A00B40A8A /* macOS.entitlements */,
			);
			path = macOS;
			sourceTree = "<group>";
		};
		F2D6CEFD26909E300025CDAC /* Use Case */ = {
			isa = PBXGroup;
			children = (
				F275F5AD26AF8CC7004A1DED /* LotteryUseCase.swift */,
				F2D6CEFE26909E950025CDAC /* ReadRandomPlayerUseCase.swift */,
			);
			path = "Use Case";
			sourceTree = "<group>";
		};
		F2DE526326B0C6BF00523D92 /* Repository */ = {
			isa = PBXGroup;
			children = (
				F2DE526426B0C6DB00523D92 /* UserRepositoryE2ETests.swift */,
				F2E31CBF26B2388300E60330 /* LotteryListRepositoryE2ETests.swift */,
				F2E31CB126B20AC200E60330 /* UserRepositoryTests.swift */,
			);
			path = Repository;
			sourceTree = "<group>";
		};
		F2DE526B26B0CA7700523D92 /* SimpleLotteryTests */ = {
			isa = PBXGroup;
			children = (
				F2E31CB326B20C7000E60330 /* json response test files */,
				F2DE526326B0C6BF00523D92 /* Repository */,
				F2DE526E26B0CA7700523D92 /* Info.plist */,
			);
			path = SimpleLotteryTests;
			sourceTree = "<group>";
		};
		F2E31CB326B20C7000E60330 /* json response test files */ = {
			isa = PBXGroup;
			children = (
				F2E31CB426B20C7000E60330 /* users.json */,
				F2E31CB526B20C7000E60330 /* usersInLottery.json */,
			);
			path = "json response test files";
			sourceTree = "<group>";
		};
/* End PBXGroup section */

/* Begin PBXNativeTarget section */
		F2D3892B25E5785A00B40A8A /* SimpleLottery (iOS) */ = {
			isa = PBXNativeTarget;
			buildConfigurationList = F2D3895625E5785A00B40A8A /* Build configuration list for PBXNativeTarget "SimpleLottery (iOS)" */;
			buildPhases = (
				F2D3892825E5785A00B40A8A /* Sources */,
				F2D3892925E5785A00B40A8A /* Frameworks */,
				F2D3892A25E5785A00B40A8A /* Resources */,
			);
			buildRules = (
			);
			dependencies = (
			);
			name = "SimpleLottery (iOS)";
			productName = "SimpleLottery (iOS)";
			productReference = F2D3892C25E5785A00B40A8A /* SimpleLottery.app */;
			productType = "com.apple.product-type.application";
		};
		F2D3893325E5785A00B40A8A /* SimpleLottery (macOS) */ = {
			isa = PBXNativeTarget;
			buildConfigurationList = F2D3895925E5785A00B40A8A /* Build configuration list for PBXNativeTarget "SimpleLottery (macOS)" */;
			buildPhases = (
				F2D3893025E5785A00B40A8A /* Sources */,
				F2D3893125E5785A00B40A8A /* Frameworks */,
				F2D3893225E5785A00B40A8A /* Resources */,
			);
			buildRules = (
			);
			dependencies = (
			);
			name = "SimpleLottery (macOS)";
			productName = "SimpleLottery (macOS)";
			productReference = F2D3893425E5785A00B40A8A /* SimpleLottery.app */;
			productType = "com.apple.product-type.application";
		};
		F2DE526926B0CA7700523D92 /* SimpleLotteryTests */ = {
			isa = PBXNativeTarget;
			buildConfigurationList = F2DE527126B0CA7700523D92 /* Build configuration list for PBXNativeTarget "SimpleLotteryTests" */;
			buildPhases = (
				F2DE526626B0CA7700523D92 /* Sources */,
				F2DE526726B0CA7700523D92 /* Frameworks */,
				F2DE526826B0CA7700523D92 /* Resources */,
			);
			buildRules = (
			);
			dependencies = (
				F2DE527026B0CA7700523D92 /* PBXTargetDependency */,
			);
			name = SimpleLotteryTests;
			productName = SimpleLotteryTests;
			productReference = F2DE526A26B0CA7700523D92 /* SimpleLotteryTests.xctest */;
			productType = "com.apple.product-type.bundle.unit-test";
		};
/* End PBXNativeTarget section */

/* Begin PBXProject section */
		F2D3892025E5785800B40A8A /* Project object */ = {
			isa = PBXProject;
			attributes = {
				LastSwiftUpdateCheck = 1250;
				LastUpgradeCheck = 1250;
				TargetAttributes = {
					F2D3892B25E5785A00B40A8A = {
						CreatedOnToolsVersion = 12.4;
					};
					F2D3893325E5785A00B40A8A = {
						CreatedOnToolsVersion = 12.4;
					};
					F2DE526926B0CA7700523D92 = {
						CreatedOnToolsVersion = 12.5;
						TestTargetID = F2D3892B25E5785A00B40A8A;
					};
				};
			};
			buildConfigurationList = F2D3892325E5785800B40A8A /* Build configuration list for PBXProject "SimpleLottery" */;
			compatibilityVersion = "Xcode 9.3";
			developmentRegion = en;
			hasScannedForEncodings = 0;
			knownRegions = (
				en,
				Base,
			);
			mainGroup = F2D3891F25E5785800B40A8A;
			productRefGroup = F2D3892D25E5785A00B40A8A /* Products */;
			projectDirPath = "";
			projectRoot = "";
			targets = (
				F2D3892B25E5785A00B40A8A /* SimpleLottery (iOS) */,
				F2D3893325E5785A00B40A8A /* SimpleLottery (macOS) */,
				F2DE526926B0CA7700523D92 /* SimpleLotteryTests */,
			);
		};
/* End PBXProject section */

/* Begin PBXResourcesBuildPhase section */
		F2D3892A25E5785A00B40A8A /* Resources */ = {
			isa = PBXResourcesBuildPhase;
			buildActionMask = 2147483647;
			files = (
				F2D3895225E5785A00B40A8A /* Assets.xcassets in Resources */,
			);
			runOnlyForDeploymentPostprocessing = 0;
		};
		F2D3893225E5785A00B40A8A /* Resources */ = {
			isa = PBXResourcesBuildPhase;
			buildActionMask = 2147483647;
			files = (
				F2D3895325E5785A00B40A8A /* Assets.xcassets in Resources */,
			);
			runOnlyForDeploymentPostprocessing = 0;
		};
		F2DE526826B0CA7700523D92 /* Resources */ = {
			isa = PBXResourcesBuildPhase;
			buildActionMask = 2147483647;
			files = (
				F2E31CB626B20C7000E60330 /* users.json in Resources */,
				F2E31CB726B20C7000E60330 /* usersInLottery.json in Resources */,
			);
			runOnlyForDeploymentPostprocessing = 0;
		};
/* End PBXResourcesBuildPhase section */

/* Begin PBXSourcesBuildPhase section */
		F2D3892825E5785A00B40A8A /* Sources */ = {
			isa = PBXSourcesBuildPhase;
			buildActionMask = 2147483647;
			files = (
				F2D6CEFF26909E950025CDAC /* ReadRandomPlayerUseCase.swift in Sources */,
				F2D3895025E5785A00B40A8A /* ContentView.swift in Sources */,
				F275F5B626B0C2EC004A1DED /* UserRepository.swift in Sources */,
				F275F5B326B0C265004A1DED /* AppConfig.swift in Sources */,
				F24A4EBF26837FA9003EAD29 /* LotteryProgressView.swift in Sources */,
				F24A4EC42683813E003EAD29 /* LotteryLandingView.swift in Sources */,
				F2D3896725E5791500B40A8A /* LotteryPlayer.swift in Sources */,
				F2E31CBE26B2369E00E60330 /* LotteryListRepository.swift in Sources */,
				F24A4ECF2683AD79003EAD29 /* LotteryPresenter.swift in Sources */,
				F24A4ECA26838E9A003EAD29 /* LotteryLoadingView.swift in Sources */,
				F275F5AE26AF8CC7004A1DED /* LotteryUseCase.swift in Sources */,
				F2D3894E25E5785A00B40A8A /* SimpleLotteryApp.swift in Sources */,
				F24A4EC726838C90003EAD29 /* LotteryResultView.swift in Sources */,
			);
			runOnlyForDeploymentPostprocessing = 0;
		};
		F2D3893025E5785A00B40A8A /* Sources */ = {
			isa = PBXSourcesBuildPhase;
			buildActionMask = 2147483647;
			files = (
				F2D3895125E5785A00B40A8A /* ContentView.swift in Sources */,
				F24A4EC026837FA9003EAD29 /* LotteryProgressView.swift in Sources */,
				F24A4EC52683813E003EAD29 /* LotteryLandingView.swift in Sources */,
				F2D3896825E5791500B40A8A /* LotteryPlayer.swift in Sources */,
				F24A4ED02683AD79003EAD29 /* LotteryPresenter.swift in Sources */,
				F24A4ECB26838E9A003EAD29 /* LotteryLoadingView.swift in Sources */,
				F2D3894F25E5785A00B40A8A /* SimpleLotteryApp.swift in Sources */,
				F24A4EC826838C90003EAD29 /* LotteryResultView.swift in Sources */,
			);
			runOnlyForDeploymentPostprocessing = 0;
		};
		F2DE526626B0CA7700523D92 /* Sources */ = {
			isa = PBXSourcesBuildPhase;
			buildActionMask = 2147483647;
			files = (
				F2E31CC026B2388300E60330 /* LotteryListRepositoryE2ETests.swift in Sources */,
				F2E31CB226B20AC200E60330 /* UserRepositoryTests.swift in Sources */,
				F2DE527426B0CAA700523D92 /* UserRepositoryE2ETests.swift in Sources */,
			);
			runOnlyForDeploymentPostprocessing = 0;
		};
/* End PBXSourcesBuildPhase section */

/* Begin PBXTargetDependency section */
		F2DE527026B0CA7700523D92 /* PBXTargetDependency */ = {
			isa = PBXTargetDependency;
			target = F2D3892B25E5785A00B40A8A /* SimpleLottery (iOS) */;
			targetProxy = F2DE526F26B0CA7700523D92 /* PBXContainerItemProxy */;
		};
/* End PBXTargetDependency section */

/* Begin XCBuildConfiguration section */
		F2D3895425E5785A00B40A8A /* Debug */ = {
			isa = XCBuildConfiguration;
			buildSettings = {
				ALWAYS_SEARCH_USER_PATHS = NO;
				CLANG_ANALYZER_NONNULL = YES;
				CLANG_ANALYZER_NUMBER_OBJECT_CONVERSION = YES_AGGRESSIVE;
				CLANG_CXX_LANGUAGE_STANDARD = "gnu++14";
				CLANG_CXX_LIBRARY = "libc++";
				CLANG_ENABLE_MODULES = YES;
				CLANG_ENABLE_OBJC_ARC = YES;
				CLANG_ENABLE_OBJC_WEAK = YES;
				CLANG_WARN_BLOCK_CAPTURE_AUTORELEASING = YES;
				CLANG_WARN_BOOL_CONVERSION = YES;
				CLANG_WARN_COMMA = YES;
				CLANG_WARN_CONSTANT_CONVERSION = YES;
				CLANG_WARN_DEPRECATED_OBJC_IMPLEMENTATIONS = YES;
				CLANG_WARN_DIRECT_OBJC_ISA_USAGE = YES_ERROR;
				CLANG_WARN_DOCUMENTATION_COMMENTS = YES;
				CLANG_WARN_EMPTY_BODY = YES;
				CLANG_WARN_ENUM_CONVERSION = YES;
				CLANG_WARN_INFINITE_RECURSION = YES;
				CLANG_WARN_INT_CONVERSION = YES;
				CLANG_WARN_NON_LITERAL_NULL_CONVERSION = YES;
				CLANG_WARN_OBJC_IMPLICIT_RETAIN_SELF = YES;
				CLANG_WARN_OBJC_LITERAL_CONVERSION = YES;
				CLANG_WARN_OBJC_ROOT_CLASS = YES_ERROR;
				CLANG_WARN_QUOTED_INCLUDE_IN_FRAMEWORK_HEADER = YES;
				CLANG_WARN_RANGE_LOOP_ANALYSIS = YES;
				CLANG_WARN_STRICT_PROTOTYPES = YES;
				CLANG_WARN_SUSPICIOUS_MOVE = YES;
				CLANG_WARN_UNGUARDED_AVAILABILITY = YES_AGGRESSIVE;
				CLANG_WARN_UNREACHABLE_CODE = YES;
				CLANG_WARN__DUPLICATE_METHOD_MATCH = YES;
				COPY_PHASE_STRIP = NO;
				DEBUG_INFORMATION_FORMAT = dwarf;
				ENABLE_STRICT_OBJC_MSGSEND = YES;
				ENABLE_TESTABILITY = YES;
				GCC_C_LANGUAGE_STANDARD = gnu11;
				GCC_DYNAMIC_NO_PIC = NO;
				GCC_NO_COMMON_BLOCKS = YES;
				GCC_OPTIMIZATION_LEVEL = 0;
				GCC_PREPROCESSOR_DEFINITIONS = (
					"DEBUG=1",
					"$(inherited)",
				);
				GCC_WARN_64_TO_32_BIT_CONVERSION = YES;
				GCC_WARN_ABOUT_RETURN_TYPE = YES_ERROR;
				GCC_WARN_UNDECLARED_SELECTOR = YES;
				GCC_WARN_UNINITIALIZED_AUTOS = YES_AGGRESSIVE;
				GCC_WARN_UNUSED_FUNCTION = YES;
				GCC_WARN_UNUSED_VARIABLE = YES;
				MTL_ENABLE_DEBUG_INFO = INCLUDE_SOURCE;
				MTL_FAST_MATH = YES;
				ONLY_ACTIVE_ARCH = YES;
				SWIFT_ACTIVE_COMPILATION_CONDITIONS = DEBUG;
				SWIFT_OPTIMIZATION_LEVEL = "-Onone";
			};
			name = Debug;
		};
		F2D3895525E5785A00B40A8A /* Release */ = {
			isa = XCBuildConfiguration;
			buildSettings = {
				ALWAYS_SEARCH_USER_PATHS = NO;
				CLANG_ANALYZER_NONNULL = YES;
				CLANG_ANALYZER_NUMBER_OBJECT_CONVERSION = YES_AGGRESSIVE;
				CLANG_CXX_LANGUAGE_STANDARD = "gnu++14";
				CLANG_CXX_LIBRARY = "libc++";
				CLANG_ENABLE_MODULES = YES;
				CLANG_ENABLE_OBJC_ARC = YES;
				CLANG_ENABLE_OBJC_WEAK = YES;
				CLANG_WARN_BLOCK_CAPTURE_AUTORELEASING = YES;
				CLANG_WARN_BOOL_CONVERSION = YES;
				CLANG_WARN_COMMA = YES;
				CLANG_WARN_CONSTANT_CONVERSION = YES;
				CLANG_WARN_DEPRECATED_OBJC_IMPLEMENTATIONS = YES;
				CLANG_WARN_DIRECT_OBJC_ISA_USAGE = YES_ERROR;
				CLANG_WARN_DOCUMENTATION_COMMENTS = YES;
				CLANG_WARN_EMPTY_BODY = YES;
				CLANG_WARN_ENUM_CONVERSION = YES;
				CLANG_WARN_INFINITE_RECURSION = YES;
				CLANG_WARN_INT_CONVERSION = YES;
				CLANG_WARN_NON_LITERAL_NULL_CONVERSION = YES;
				CLANG_WARN_OBJC_IMPLICIT_RETAIN_SELF = YES;
				CLANG_WARN_OBJC_LITERAL_CONVERSION = YES;
				CLANG_WARN_OBJC_ROOT_CLASS = YES_ERROR;
				CLANG_WARN_QUOTED_INCLUDE_IN_FRAMEWORK_HEADER = YES;
				CLANG_WARN_RANGE_LOOP_ANALYSIS = YES;
				CLANG_WARN_STRICT_PROTOTYPES = YES;
				CLANG_WARN_SUSPICIOUS_MOVE = YES;
				CLANG_WARN_UNGUARDED_AVAILABILITY = YES_AGGRESSIVE;
				CLANG_WARN_UNREACHABLE_CODE = YES;
				CLANG_WARN__DUPLICATE_METHOD_MATCH = YES;
				COPY_PHASE_STRIP = NO;
				DEBUG_INFORMATION_FORMAT = "dwarf-with-dsym";
				ENABLE_NS_ASSERTIONS = NO;
				ENABLE_STRICT_OBJC_MSGSEND = YES;
				GCC_C_LANGUAGE_STANDARD = gnu11;
				GCC_NO_COMMON_BLOCKS = YES;
				GCC_WARN_64_TO_32_BIT_CONVERSION = YES;
				GCC_WARN_ABOUT_RETURN_TYPE = YES_ERROR;
				GCC_WARN_UNDECLARED_SELECTOR = YES;
				GCC_WARN_UNINITIALIZED_AUTOS = YES_AGGRESSIVE;
				GCC_WARN_UNUSED_FUNCTION = YES;
				GCC_WARN_UNUSED_VARIABLE = YES;
				MTL_ENABLE_DEBUG_INFO = NO;
				MTL_FAST_MATH = YES;
				SWIFT_COMPILATION_MODE = wholemodule;
				SWIFT_OPTIMIZATION_LEVEL = "-O";
			};
			name = Release;
		};
		F2D3895725E5785A00B40A8A /* Debug */ = {
			isa = XCBuildConfiguration;
			buildSettings = {
				ASSETCATALOG_COMPILER_APPICON_NAME = AppIcon;
				ASSETCATALOG_COMPILER_GLOBAL_ACCENT_COLOR_NAME = AccentColor;
				CODE_SIGN_STYLE = Automatic;
				ENABLE_PREVIEWS = YES;
				INFOPLIST_FILE = iOS/Info.plist;
				IPHONEOS_DEPLOYMENT_TARGET = 14.0;
				LD_RUNPATH_SEARCH_PATHS = (
					"$(inherited)",
					"@executable_path/Frameworks",
				);
				PRODUCT_BUNDLE_IDENTIFIER = com.sample.SimpleLottery;
				PRODUCT_NAME = SimpleLottery;
				SDKROOT = iphoneos;
				SWIFT_VERSION = 5.0;
				TARGETED_DEVICE_FAMILY = "1,2";
			};
			name = Debug;
		};
		F2D3895825E5785A00B40A8A /* Release */ = {
			isa = XCBuildConfiguration;
			buildSettings = {
				ASSETCATALOG_COMPILER_APPICON_NAME = AppIcon;
				ASSETCATALOG_COMPILER_GLOBAL_ACCENT_COLOR_NAME = AccentColor;
				CODE_SIGN_STYLE = Automatic;
				ENABLE_PREVIEWS = YES;
				ENABLE_TESTABILITY = NO;
				INFOPLIST_FILE = iOS/Info.plist;
				IPHONEOS_DEPLOYMENT_TARGET = 14.0;
				LD_RUNPATH_SEARCH_PATHS = (
					"$(inherited)",
					"@executable_path/Frameworks",
				);
				PRODUCT_BUNDLE_IDENTIFIER = com.sample.SimpleLottery;
				PRODUCT_NAME = SimpleLottery;
				SDKROOT = iphoneos;
				SWIFT_VERSION = 5.0;
				TARGETED_DEVICE_FAMILY = "1,2";
				VALIDATE_PRODUCT = YES;
			};
			name = Release;
		};
		F2D3895A25E5785A00B40A8A /* Debug */ = {
			isa = XCBuildConfiguration;
			buildSettings = {
				ASSETCATALOG_COMPILER_APPICON_NAME = AppIcon;
				ASSETCATALOG_COMPILER_GLOBAL_ACCENT_COLOR_NAME = AccentColor;
				CODE_SIGN_ENTITLEMENTS = macOS/macOS.entitlements;
				CODE_SIGN_IDENTITY = "-";
				CODE_SIGN_STYLE = Automatic;
				COMBINE_HIDPI_IMAGES = YES;
				ENABLE_PREVIEWS = YES;
				INFOPLIST_FILE = macOS/Info.plist;
				LD_RUNPATH_SEARCH_PATHS = (
					"$(inherited)",
					"@executable_path/../Frameworks",
				);
				MACOSX_DEPLOYMENT_TARGET = 11.0;
				PRODUCT_BUNDLE_IDENTIFIER = com.sample.SimpleLottery;
				PRODUCT_NAME = SimpleLottery;
				SDKROOT = macosx;
				SWIFT_VERSION = 5.0;
			};
			name = Debug;
		};
		F2D3895B25E5785A00B40A8A /* Release */ = {
			isa = XCBuildConfiguration;
			buildSettings = {
				ASSETCATALOG_COMPILER_APPICON_NAME = AppIcon;
				ASSETCATALOG_COMPILER_GLOBAL_ACCENT_COLOR_NAME = AccentColor;
				CODE_SIGN_ENTITLEMENTS = macOS/macOS.entitlements;
				CODE_SIGN_IDENTITY = "-";
				CODE_SIGN_STYLE = Automatic;
				COMBINE_HIDPI_IMAGES = YES;
				ENABLE_PREVIEWS = YES;
				INFOPLIST_FILE = macOS/Info.plist;
				LD_RUNPATH_SEARCH_PATHS = (
					"$(inherited)",
					"@executable_path/../Frameworks",
				);
				MACOSX_DEPLOYMENT_TARGET = 11.0;
				PRODUCT_BUNDLE_IDENTIFIER = com.sample.SimpleLottery;
				PRODUCT_NAME = SimpleLottery;
				SDKROOT = macosx;
				SWIFT_VERSION = 5.0;
			};
			name = Release;
		};
		F2DE527226B0CA7700523D92 /* Debug */ = {
			isa = XCBuildConfiguration;
			buildSettings = {
				BUNDLE_LOADER = "$(TEST_HOST)";
				CODE_SIGN_STYLE = Automatic;
				INFOPLIST_FILE = SimpleLotteryTests/Info.plist;
				IPHONEOS_DEPLOYMENT_TARGET = 14.5;
				LD_RUNPATH_SEARCH_PATHS = (
					"$(inherited)",
					"@executable_path/Frameworks",
					"@loader_path/Frameworks",
				);
				PRODUCT_BUNDLE_IDENTIFIER = com.novinfard.SimpleLotteryTests;
				PRODUCT_NAME = "$(TARGET_NAME)";
				SDKROOT = iphoneos;
				SWIFT_VERSION = 5.0;
				TARGETED_DEVICE_FAMILY = "1,2";
				TEST_HOST = "$(BUILT_PRODUCTS_DIR)/SimpleLottery.app/SimpleLottery";
			};
			name = Debug;
		};
		F2DE527326B0CA7700523D92 /* Release */ = {
			isa = XCBuildConfiguration;
			buildSettings = {
				BUNDLE_LOADER = "$(TEST_HOST)";
				CODE_SIGN_STYLE = Automatic;
				INFOPLIST_FILE = SimpleLotteryTests/Info.plist;
				IPHONEOS_DEPLOYMENT_TARGET = 14.5;
				LD_RUNPATH_SEARCH_PATHS = (
					"$(inherited)",
					"@executable_path/Frameworks",
					"@loader_path/Frameworks",
				);
				PRODUCT_BUNDLE_IDENTIFIER = com.novinfard.SimpleLotteryTests;
				PRODUCT_NAME = "$(TARGET_NAME)";
				SDKROOT = iphoneos;
				SWIFT_VERSION = 5.0;
				TARGETED_DEVICE_FAMILY = "1,2";
				TEST_HOST = "$(BUILT_PRODUCTS_DIR)/SimpleLottery.app/SimpleLottery";
				VALIDATE_PRODUCT = YES;
			};
			name = Release;
		};
/* End XCBuildConfiguration section */

/* Begin XCConfigurationList section */
		F2D3892325E5785800B40A8A /* Build configuration list for PBXProject "SimpleLottery" */ = {
			isa = XCConfigurationList;
			buildConfigurations = (
				F2D3895425E5785A00B40A8A /* Debug */,
				F2D3895525E5785A00B40A8A /* Release */,
			);
			defaultConfigurationIsVisible = 0;
			defaultConfigurationName = Release;
		};
		F2D3895625E5785A00B40A8A /* Build configuration list for PBXNativeTarget "SimpleLottery (iOS)" */ = {
			isa = XCConfigurationList;
			buildConfigurations = (
				F2D3895725E5785A00B40A8A /* Debug */,
				F2D3895825E5785A00B40A8A /* Release */,
			);
			defaultConfigurationIsVisible = 0;
			defaultConfigurationName = Release;
		};
		F2D3895925E5785A00B40A8A /* Build configuration list for PBXNativeTarget "SimpleLottery (macOS)" */ = {
			isa = XCConfigurationList;
			buildConfigurations = (
				F2D3895A25E5785A00B40A8A /* Debug */,
				F2D3895B25E5785A00B40A8A /* Release */,
			);
			defaultConfigurationIsVisible = 0;
			defaultConfigurationName = Release;
		};
		F2DE527126B0CA7700523D92 /* Build configuration list for PBXNativeTarget "SimpleLotteryTests" */ = {
			isa = XCConfigurationList;
			buildConfigurations = (
				F2DE527226B0CA7700523D92 /* Debug */,
				F2DE527326B0CA7700523D92 /* Release */,
			);
			defaultConfigurationIsVisible = 0;
			defaultConfigurationName = Release;
		};
/* End XCConfigurationList section */
	};
	rootObject = F2D3892025E5785800B40A8A /* Project object */;
}
